
Microsoft Visual Studio Solution File, Format Version 12.00
# Visual Studio Version 16
VisualStudioVersion = 16.0.31402.337
MinimumVisualStudioVersion = 10.0.40219.1
Project("{FAE04EC0-301F-11D3-BF4B-00C04F79EFBC}") = "FilmList_MVC", "FilmList_MVC\FilmList_MVC.csproj", "{249D55BC-0946-4C94-A149-5ADC340EA197}"
EndProject
Global
	GlobalSection(SolutionConfigurationPlatforms) = preSolution
		Debug|Any CPU = Debug|Any CPU
		Release|Any CPU = Release|Any CPU
	EndGlobalSection
	GlobalSection(ProjectConfigurationPlatforms) = postSolution
		{249D55BC-0946-4C94-A149-5ADC340EA197}.Debug|Any CPU.ActiveCfg = Debug|Any CPU
		{249D55BC-0946-4C94-A149-5ADC340EA197}.Debug|Any CPU.Build.0 = Debug|Any CPU
		{249D55BC-0946-4C94-A149-5ADC340EA197}.Release|Any CPU.ActiveCfg = Release|Any CPU
		{249D55BC-0946-4C94-A149-5ADC340EA197}.Release|Any CPU.Build.0 = Release|Any CPU
	EndGlobalSection
	GlobalSection(SolutionProperties) = preSolution
		HideSolutionNode = FALSE
	EndGlobalSection
	GlobalSection(ExtensibilityGlobals) = postSolution
		SolutionGuid = {1D5D0BA0-1ECF-47B7-9EE3-84A83DF447D6}
	EndGlobalSection
EndGlobal
